
Microsoft Visual Studio Solution File, Format Version 12.00
# Visual Studio Version 17
VisualStudioVersion = 17.11.35222.181
MinimumVisualStudioVersion = 10.0.40219.1
Project("{FAE04EC0-301F-11D3-BF4B-00C04F79EFBC}") = "CSAdv2", "CSAdv2\CSAdv2.csproj", "{49C3D9E1-2B49-4A1B-A985-6FD79A58C157}"
EndProject
Global
	GlobalSection(SolutionConfigurationPlatforms) = preSolution
		Debug|Any CPU = Debug|Any CPU
		Release|Any CPU = Release|Any CPU
	EndGlobalSection
	GlobalSection(ProjectConfigurationPlatforms) = postSolution
		{49C3D9E1-2B49-4A1B-A985-6FD79A58C157}.Debug|Any CPU.ActiveCfg = Debug|Any CPU
		{49C3D9E1-2B49-4A1B-A985-6FD79A58C157}.Debug|Any CPU.Build.0 = Debug|Any CPU
		{49C3D9E1-2B49-4A1B-A985-6FD79A58C157}.Release|Any CPU.ActiveCfg = Release|Any CPU
		{49C3D9E1-2B49-4A1B-A985-6FD79A58C157}.Release|Any CPU.Build.0 = Release|Any CPU
	EndGlobalSection
	GlobalSection(SolutionProperties) = preSolution
		HideSolutionNode = FALSE
	EndGlobalSection
	GlobalSection(ExtensibilityGlobals) = postSolution
		SolutionGuid = {576E186F-57AB-4877-AC71-918D4C464F6F}
	EndGlobalSection
EndGlobal
